
Microsoft Visual Studio Solution File, Format Version 12.00
# Visual Studio 2012
Project("{E24C65DC-7377-472B-9ABA-BC803B73C61A}") = "visualization", ".", "{AB5A769D-2919-48DA-94C2-351BFB7E1358}"
	ProjectSection(WebsiteProperties) = preProject
		TargetFrameworkMoniker = ".NETFramework,Version%3Dv4.0"
		Debug.AspNetCompiler.VirtualPath = "/visualization"
		Debug.AspNetCompiler.PhysicalPath = "..\..\..\..\..\..\src\Mettle\src\visualization\"
		Debug.AspNetCompiler.TargetPath = "PrecompiledWeb\visualization\"
		Debug.AspNetCompiler.Updateable = "true"
		Debug.AspNetCompiler.ForceOverwrite = "true"
		Debug.AspNetCompiler.FixedNames = "false"
		Debug.AspNetCompiler.Debug = "True"
		Release.AspNetCompiler.VirtualPath = "/visualization"
		Release.AspNetCompiler.PhysicalPath = "..\..\..\..\..\..\src\Mettle\src\visualization\"
		Release.AspNetCompiler.TargetPath = "PrecompiledWeb\visualization\"
		Release.AspNetCompiler.Updateable = "true"
		Release.AspNetCompiler.ForceOverwrite = "true"
		Release.AspNetCompiler.FixedNames = "false"
		Release.AspNetCompiler.Debug = "False"
		VWDPort = "1752"
	EndProjectSection
EndProject
Global
	GlobalSection(SolutionConfigurationPlatforms) = preSolution
		Debug|Any CPU = Debug|Any CPU
	EndGlobalSection
	GlobalSection(ProjectConfigurationPlatforms) = postSolution
		{AB5A769D-2919-48DA-94C2-351BFB7E1358}.Debug|Any CPU.ActiveCfg = Debug|Any CPU
		{AB5A769D-2919-48DA-94C2-351BFB7E1358}.Debug|Any CPU.Build.0 = Debug|Any CPU
	EndGlobalSection
	GlobalSection(SolutionProperties) = preSolution
		HideSolutionNode = FALSE
	EndGlobalSection
EndGlobal
